
Microsoft Visual Studio Solution File, Format Version 12.00
# Visual Studio 15
VisualStudioVersion = 15.0.27703.2026
MinimumVisualStudioVersion = 10.0.40219.1
Project("{FAE04EC0-301F-11D3-BF4B-00C04F79EFBC}") = "TrafficManager", "TrafficManager\TrafficManager.csproj", "{19E00A27-CA3C-436C-B63C-14F6557346BC}"
EndProject
Global
	GlobalSection(SolutionConfigurationPlatforms) = preSolution
		Debug|Any CPU = Debug|Any CPU
		Release|Any CPU = Release|Any CPU
	EndGlobalSection
	GlobalSection(ProjectConfigurationPlatforms) = postSolution
		{19E00A27-CA3C-436C-B63C-14F6557346BC}.Debug|Any CPU.ActiveCfg = Debug|Any CPU
		{19E00A27-CA3C-436C-B63C-14F6557346BC}.Debug|Any CPU.Build.0 = Debug|Any CPU
		{19E00A27-CA3C-436C-B63C-14F6557346BC}.Release|Any CPU.ActiveCfg = Release|Any CPU
		{19E00A27-CA3C-436C-B63C-14F6557346BC}.Release|Any CPU.Build.0 = Release|Any CPU
	EndGlobalSection
	GlobalSection(SolutionProperties) = preSolution
		HideSolutionNode = FALSE
	EndGlobalSection
	GlobalSection(ExtensibilityGlobals) = postSolution
		SolutionGuid = {3FA727AE-F60C-4F53-A656-189B60702926}
	EndGlobalSection
EndGlobal
